{
  "name": "ecsy-input",
  "version": "0.0.1",
  "lockfileVersion": 1,
  "requires": true,
  "dependencies": {
    "browser-or-node": {
      "version": "1.2.1",
      "resolved": "https://registry.npmjs.org/browser-or-node/-/browser-or-node-1.2.1.tgz",
      "integrity": "sha512-sVIA0cysIED0nbmNOm7sZzKfgN1rpFmrqvLZaFWspaBAftfQcezlC81G6j6U2RJf4Lh66zFxrCeOsvkUXIcPWg=="
    },
    "prettier": {
      "version": "1.19.1",
      "resolved": "https://registry.npmjs.org/prettier/-/prettier-1.19.1.tgz",
      "integrity": "sha512-s7PoyDv/II1ObgQunCbB9PdLmUcBZcnWOcxDh7O0N/UwDEsHyqkW+Qh28jW+mVuCdx7gLB0BotYI1Y6uI9iyew==",
      "dev": true
    }
  }
}
